
Microsoft Visual Studio Solution File, Format Version 12.00
# Visual Studio Version 17
VisualStudioVersion = 17.11.35222.181
MinimumVisualStudioVersion = 10.0.40219.1
Project("{FAE04EC0-301F-11D3-BF4B-00C04F79EFBC}") = "amedee-nicolas", "amedee-nicolas.csproj", "{2558327F-A69C-4998-BEA5-502429AE4C90}"
EndProject
Global
	GlobalSection(SolutionConfigurationPlatforms) = preSolution
		Debug|Any CPU = Debug|Any CPU
		Release|Any CPU = Release|Any CPU
	EndGlobalSection
	GlobalSection(ProjectConfigurationPlatforms) = postSolution
		{2558327F-A69C-4998-BEA5-502429AE4C90}.Debug|Any CPU.ActiveCfg = Debug|Any CPU
		{2558327F-A69C-4998-BEA5-502429AE4C90}.Debug|Any CPU.Build.0 = Debug|Any CPU
		{2558327F-A69C-4998-BEA5-502429AE4C90}.Release|Any CPU.ActiveCfg = Release|Any CPU
		{2558327F-A69C-4998-BEA5-502429AE4C90}.Release|Any CPU.Build.0 = Release|Any CPU
	EndGlobalSection
	GlobalSection(SolutionProperties) = preSolution
		HideSolutionNode = FALSE
	EndGlobalSection
	GlobalSection(ExtensibilityGlobals) = postSolution
		SolutionGuid = {1B8BBD8F-D3CC-4B97-AFA3-50629D439EDE}
	EndGlobalSection
EndGlobal
